<?xml version="1.0" encoding="utf-8"?>
<Project ToolsVersion="4.0" xmlns="http://schemas.microsoft.com/developer/msbuild/2003">
  <ItemGroup>
    <Filter Include="Source Files">
      <UniqueIdentifier>{4FC737F1-C7A5-4376-A066-2A32D752A2FF}</UniqueIdentifier>
      <Extensions>cpp;c;cc;cxx;def;odl;idl;hpj;bat;asm;asmx</Extensions>
    </Filter>
    <Filter Include="Header Files">
      <UniqueIdentifier>{93995380-89BD-4b04-88EB-625FBE52EBFB}</UniqueIdentifier>
      <Extensions>h;hpp;hxx;hm;inl;inc;xsd</Extensions>
    </Filter>
    <Filter Include="Driver Files">
      <UniqueIdentifier>{8E41214B-6785-4CFE-B992-037D68949A14}</UniqueIdentifier>
      <Extensions>inf;inv;inx;mof;mc;</Extensions>
    </Filter>
    <Filter Include="Kernel Pool">
      <UniqueIdentifier>{57f0826e-c2ed-4e28-bccb-bc92237ae715}</UniqueIdentifier>
    </Filter>
    <Filter Include="IRP Major Functions">
      <UniqueIdentifier>{dfa3c02d-db02-4e52-955d-75849a141368}</UniqueIdentifier>
    </Filter>
    <Filter Include="Kernel Hook">
      <UniqueIdentifier>{48c3b53c-7137-4005-b76b-0a0c0202cf32}</UniqueIdentifier>
    </Filter>
    <Filter Include="Driver Manual Map">
      <UniqueIdentifier>{f1775f0f-66cf-4a1b-a693-a3b203cf8e97}</UniqueIdentifier>
    </Filter>
    <Filter Include="Code Injection">
      <UniqueIdentifier>{72d67823-8246-4e48-a50c-f8a785381cbe}</UniqueIdentifier>
    </Filter>
  </ItemGroup>
  <ItemGroup>
    <Inf Include="KernelMode.inf">
      <Filter>Driver Files</Filter>
    </Inf>
  </ItemGroup>
  <ItemGroup>
    <ClInclude Include="Header.hpp">
      <Filter>Header Files</Filter>
    </ClInclude>
    <ClInclude Include="Pool.hpp">
      <Filter>Kernel Pool</Filter>
    </ClInclude>
    <ClInclude Include="Hijack.hpp">
      <Filter>IRP Major Functions</Filter>
    </ClInclude>
    <ClInclude Include="KernelHook.hpp">
      <Filter>Kernel Hook</Filter>
    </ClInclude>
    <ClInclude Include="DriverManualMap.hpp">
      <Filter>Driver Manual Map</Filter>
    </ClInclude>
    <ClInclude Include="CodeInjection.hpp">
      <Filter>Code Injection</Filter>
    </ClInclude>
  </ItemGroup>
  <ItemGroup>
    <ClCompile Include="main.cpp">
      <Filter>Source Files</Filter>
    </ClCompile>
    <ClCompile Include="Pool.cpp">
      <Filter>Kernel Pool</Filter>
    </ClCompile>
    <ClCompile Include="Hijack.cpp">
      <Filter>IRP Major Functions</Filter>
    </ClCompile>
    <ClCompile Include="KernelHook.cpp">
      <Filter>Kernel Hook</Filter>
    </ClCompile>
    <ClCompile Include="DriverManualMap.cpp">
      <Filter>Driver Manual Map</Filter>
    </ClCompile>
    <ClCompile Include="CodeInjection.cpp">
      <Filter>Code Injection</Filter>
    </ClCompile>
  </ItemGroup>
</Project>